
Microsoft Visual Studio Solution File, Format Version 12.00
# Visual Studio 15
VisualStudioVersion = 15.0.26228.9
MinimumVisualStudioVersion = 15.0.26124.0
Project("{FAE04EC0-301F-11D3-BF4B-00C04F79EFBC}") = "Cake.AppPackager", "Cake.AppPackager\Cake.AppPackager.csproj", "{2DCAB564-8D47-4A49-975C-E365384C5869}"
EndProject
Project("{FAE04EC0-301F-11D3-BF4B-00C04F79EFBC}") = "Cake.AppPackager.Tests", "Cake.AppPackager.Tests\Cake.AppPackager.Tests.csproj", "{1E9F9295-BF7D-4292-B54D-2A8269548BCB}"
EndProject
Global
	GlobalSection(SolutionConfigurationPlatforms) = preSolution
		Debug|Any CPU = Debug|Any CPU
		Release|Any CPU = Release|Any CPU
	EndGlobalSection
	GlobalSection(ProjectConfigurationPlatforms) = postSolution
		{2DCAB564-8D47-4A49-975C-E365384C5869}.Debug|Any CPU.ActiveCfg = Debug|Any CPU
		{2DCAB564-8D47-4A49-975C-E365384C5869}.Debug|Any CPU.Build.0 = Debug|Any CPU
		{2DCAB564-8D47-4A49-975C-E365384C5869}.Release|Any CPU.ActiveCfg = Release|Any CPU
		{2DCAB564-8D47-4A49-975C-E365384C5869}.Release|Any CPU.Build.0 = Release|Any CPU
		{1E9F9295-BF7D-4292-B54D-2A8269548BCB}.Debug|Any CPU.ActiveCfg = Debug|Any CPU
		{1E9F9295-BF7D-4292-B54D-2A8269548BCB}.Debug|Any CPU.Build.0 = Debug|Any CPU
		{1E9F9295-BF7D-4292-B54D-2A8269548BCB}.Release|Any CPU.ActiveCfg = Release|Any CPU
		{1E9F9295-BF7D-4292-B54D-2A8269548BCB}.Release|Any CPU.Build.0 = Release|Any CPU
	EndGlobalSection
	GlobalSection(SolutionProperties) = preSolution
		HideSolutionNode = FALSE
	EndGlobalSection
	GlobalSection(ExtensibilityGlobals) = postSolution
		SolutionGuid = {D086C66A-7B96-4403-A627-AF492B7E6983}
	EndGlobalSection
EndGlobal
